PODS:
  - Flutter (1.0.0)
  - flutter_filereader (0.0.1):
    - Flutter
  - path_provider (0.0.1):
    - Flutter
  - permission_handler (4.0.0):
    - Flutter

DEPENDENCIES:
  - Flutter (from `.symlinks/flutter/ios`)
  - flutter_filereader (from `.symlinks/plugins/flutter_filereader/ios`)
  - path_provider (from `.symlinks/plugins/path_provider/ios`)
  - permission_handler (from `.symlinks/plugins/permission_handler/ios`)

EXTERNAL SOURCES:
  Flutter:
    :path: ".symlinks/flutter/ios"
  flutter_filereader:
    :path: ".symlinks/plugins/flutter_filereader/ios"
  path_provider:
    :path: ".symlinks/plugins/path_provider/ios"
  permission_handler:
    :path: ".symlinks/plugins/permission_handler/ios"

SPEC CHECKSUMS:
  Flutter: 0e3d915762c693b495b44d77113d4970485de6ec
  flutter_filereader: 72b5c316f673d3b69dea0b591d68083dd6577a24
  path_provider: fb74bd0465e96b594bb3b5088ee4a4e7bb1f2a9d
  permission_handler: 0fb88b8a3c23e31e5de45b8f1bb8b7de28cf8941

PODFILE CHECKSUM: ebd43b443038e611b86ede96e613bd6033c49497

COCOAPODS: 1.8.4
